
Microsoft Visual Studio Solution File, Format Version 12.00
# Visual Studio Version 16
VisualStudioVersion = 16.0.31911.196
MinimumVisualStudioVersion = 10.0.40219.1
Project("{9A19103F-16F7-4668-BE54-9A1E7A4F7556}") = "ATMMachine", "ATMMachine.csproj", "{A3D8349D-1A45-4F8E-B929-EFE191723B75}"
EndProject
Project("{9A19103F-16F7-4668-BE54-9A1E7A4F7556}") = "ATMMachineTests", "ATMMachineTests\ATMMachineTests.csproj", "{5B86E2B8-3DF2-4C93-ABA9-5B8EC2BC8E86}"
EndProject
Global
	GlobalSection(SolutionConfigurationPlatforms) = preSolution
		Debug|Any CPU = Debug|Any CPU
		Release|Any CPU = Release|Any CPU
	EndGlobalSection
	GlobalSection(ProjectConfigurationPlatforms) = postSolution
		{A3D8349D-1A45-4F8E-B929-EFE191723B75}.Debug|Any CPU.ActiveCfg = Debug|Any CPU
		{A3D8349D-1A45-4F8E-B929-EFE191723B75}.Debug|Any CPU.Build.0 = Debug|Any CPU
		{A3D8349D-1A45-4F8E-B929-EFE191723B75}.Release|Any CPU.ActiveCfg = Release|Any CPU
		{A3D8349D-1A45-4F8E-B929-EFE191723B75}.Release|Any CPU.Build.0 = Release|Any CPU
		{5B86E2B8-3DF2-4C93-ABA9-5B8EC2BC8E86}.Debug|Any CPU.ActiveCfg = Debug|Any CPU
		{5B86E2B8-3DF2-4C93-ABA9-5B8EC2BC8E86}.Debug|Any CPU.Build.0 = Debug|Any CPU
		{5B86E2B8-3DF2-4C93-ABA9-5B8EC2BC8E86}.Release|Any CPU.ActiveCfg = Release|Any CPU
		{5B86E2B8-3DF2-4C93-ABA9-5B8EC2BC8E86}.Release|Any CPU.Build.0 = Release|Any CPU
	EndGlobalSection
	GlobalSection(SolutionProperties) = preSolution
		HideSolutionNode = FALSE
	EndGlobalSection
	GlobalSection(ExtensibilityGlobals) = postSolution
		SolutionGuid = {34C5562C-C194-44CB-BF19-F2C3E9257839}
	EndGlobalSection
EndGlobal
